
Microsoft Visual Studio Solution File, Format Version 12.00
# Visual Studio Version 17
VisualStudioVersion = 17.8.34525.116
MinimumVisualStudioVersion = 10.0.40219.1
Project("{FAE04EC0-301F-11D3-BF4B-00C04F79EFBC}") = "StackCollection", "StackCollection.csproj", "{48380A44-C7D3-4907-8DC2-316C09532C63}"
EndProject
Global
	GlobalSection(SolutionConfigurationPlatforms) = preSolution
		Debug|Any CPU = Debug|Any CPU
		Release|Any CPU = Release|Any CPU
	EndGlobalSection
	GlobalSection(ProjectConfigurationPlatforms) = postSolution
		{48380A44-C7D3-4907-8DC2-316C09532C63}.Debug|Any CPU.ActiveCfg = Debug|Any CPU
		{48380A44-C7D3-4907-8DC2-316C09532C63}.Debug|Any CPU.Build.0 = Debug|Any CPU
		{48380A44-C7D3-4907-8DC2-316C09532C63}.Release|Any CPU.ActiveCfg = Release|Any CPU
		{48380A44-C7D3-4907-8DC2-316C09532C63}.Release|Any CPU.Build.0 = Release|Any CPU
	EndGlobalSection
	GlobalSection(SolutionProperties) = preSolution
		HideSolutionNode = FALSE
	EndGlobalSection
	GlobalSection(ExtensibilityGlobals) = postSolution
		SolutionGuid = {5228E5CF-7295-4ADF-B84B-FAEA40ADA1DC}
	EndGlobalSection
EndGlobal
